
Microsoft Visual Studio Solution File, Format Version 12.00
# Visual Studio Version 17
VisualStudioVersion = 17.4.33213.308
MinimumVisualStudioVersion = 10.0.40219.1
Project("{FAE04EC0-301F-11D3-BF4B-00C04F79EFBC}") = "HousekeeperApp.Data", "HousekeeperApp.Data\HousekeeperApp.Data.csproj", "{71609909-EAE3-498F-AEFC-C8B78221836F}"
EndProject
Project("{FAE04EC0-301F-11D3-BF4B-00C04F79EFBC}") = "HousekeeperApp.Models", "HousekeeperApp.Models\HousekeeperApp.Models.csproj", "{D055802A-BF6C-4AA1-A833-67EE3E44C859}"
EndProject
Project("{FAE04EC0-301F-11D3-BF4B-00C04F79EFBC}") = "HousekeeperApp.ViewModels", "HousekeeperApp.ViewModels\HousekeeperApp.ViewModels.csproj", "{6DE30FB5-AA21-4771-B648-9D02205C69D5}"
EndProject
Project("{FAE04EC0-301F-11D3-BF4B-00C04F79EFBC}") = "HousekeeperApp.Services", "HousekeeperApp.Services\HousekeeperApp.Services.csproj", "{4CE9E820-AC30-4023-9605-1B1F692E116A}"
EndProject
Project("{FAE04EC0-301F-11D3-BF4B-00C04F79EFBC}") = "HousekeeperApp.Web", "HousekeeperApp.Web\HousekeeperApp.Web.csproj", "{035822F2-5209-4AE4-B111-104EF4C83FCB}"
EndProject
Global
	GlobalSection(SolutionConfigurationPlatforms) = preSolution
		Debug|Any CPU = Debug|Any CPU
		Release|Any CPU = Release|Any CPU
	EndGlobalSection
	GlobalSection(ProjectConfigurationPlatforms) = postSolution
		{71609909-EAE3-498F-AEFC-C8B78221836F}.Debug|Any CPU.ActiveCfg = Debug|Any CPU
		{71609909-EAE3-498F-AEFC-C8B78221836F}.Debug|Any CPU.Build.0 = Debug|Any CPU
		{71609909-EAE3-498F-AEFC-C8B78221836F}.Release|Any CPU.ActiveCfg = Release|Any CPU
		{71609909-EAE3-498F-AEFC-C8B78221836F}.Release|Any CPU.Build.0 = Release|Any CPU
		{D055802A-BF6C-4AA1-A833-67EE3E44C859}.Debug|Any CPU.ActiveCfg = Debug|Any CPU
		{D055802A-BF6C-4AA1-A833-67EE3E44C859}.Debug|Any CPU.Build.0 = Debug|Any CPU
		{D055802A-BF6C-4AA1-A833-67EE3E44C859}.Release|Any CPU.ActiveCfg = Release|Any CPU
		{D055802A-BF6C-4AA1-A833-67EE3E44C859}.Release|Any CPU.Build.0 = Release|Any CPU
		{6DE30FB5-AA21-4771-B648-9D02205C69D5}.Debug|Any CPU.ActiveCfg = Debug|Any CPU
		{6DE30FB5-AA21-4771-B648-9D02205C69D5}.Debug|Any CPU.Build.0 = Debug|Any CPU
		{6DE30FB5-AA21-4771-B648-9D02205C69D5}.Release|Any CPU.ActiveCfg = Release|Any CPU
		{6DE30FB5-AA21-4771-B648-9D02205C69D5}.Release|Any CPU.Build.0 = Release|Any CPU
		{4CE9E820-AC30-4023-9605-1B1F692E116A}.Debug|Any CPU.ActiveCfg = Debug|Any CPU
		{4CE9E820-AC30-4023-9605-1B1F692E116A}.Debug|Any CPU.Build.0 = Debug|Any CPU
		{4CE9E820-AC30-4023-9605-1B1F692E116A}.Release|Any CPU.ActiveCfg = Release|Any CPU
		{4CE9E820-AC30-4023-9605-1B1F692E116A}.Release|Any CPU.Build.0 = Release|Any CPU
		{035822F2-5209-4AE4-B111-104EF4C83FCB}.Debug|Any CPU.ActiveCfg = Debug|Any CPU
		{035822F2-5209-4AE4-B111-104EF4C83FCB}.Debug|Any CPU.Build.0 = Debug|Any CPU
		{035822F2-5209-4AE4-B111-104EF4C83FCB}.Release|Any CPU.ActiveCfg = Release|Any CPU
		{035822F2-5209-4AE4-B111-104EF4C83FCB}.Release|Any CPU.Build.0 = Release|Any CPU
	EndGlobalSection
	GlobalSection(SolutionProperties) = preSolution
		HideSolutionNode = FALSE
	EndGlobalSection
	GlobalSection(ExtensibilityGlobals) = postSolution
		SolutionGuid = {E2EBC657-51FF-4ACD-84AB-6BDD28AA2D0E}
	EndGlobalSection
EndGlobal
